
Microsoft Visual Studio Solution File, Format Version 12.00
# Visual Studio 15
VisualStudioVersion = 15.0.28307.329
MinimumVisualStudioVersion = 10.0.40219.1
Project("{FAE04EC0-301F-11D3-BF4B-00C04F79EFBC}") = "AuthNAuthZ", "AuthNAuthZ\AuthNAuthZ.csproj", "{56ACA7C3-EF92-43A2-9D43-478ECD1CA572}"
EndProject
Global
	GlobalSection(SolutionConfigurationPlatforms) = preSolution
		Debug|Any CPU = Debug|Any CPU
		Release|Any CPU = Release|Any CPU
	EndGlobalSection
	GlobalSection(ProjectConfigurationPlatforms) = postSolution
		{56ACA7C3-EF92-43A2-9D43-478ECD1CA572}.Debug|Any CPU.ActiveCfg = Debug|Any CPU
		{56ACA7C3-EF92-43A2-9D43-478ECD1CA572}.Debug|Any CPU.Build.0 = Debug|Any CPU
		{56ACA7C3-EF92-43A2-9D43-478ECD1CA572}.Release|Any CPU.ActiveCfg = Release|Any CPU
		{56ACA7C3-EF92-43A2-9D43-478ECD1CA572}.Release|Any CPU.Build.0 = Release|Any CPU
	EndGlobalSection
	GlobalSection(SolutionProperties) = preSolution
		HideSolutionNode = FALSE
	EndGlobalSection
	GlobalSection(ExtensibilityGlobals) = postSolution
		SolutionGuid = {3181254E-CDFE-443D-8867-8212E3666C11}
	EndGlobalSection
EndGlobal
